{
  "name": "plain-html",
  "version": "1.0.0",
  "lockfileVersion": 2,
  "requires": true,
  "packages": {
    "": {
      "name": "plain-html",
      "version": "1.0.0",
      "license": "ISC",
      "dependencies": {
        "mfga": "^2.1.2"
      }
    },
    "node_modules/mfga": {
      "version": "2.1.2",
      "resolved": "https://registry.npmjs.org/mfga/-/mfga-2.1.2.tgz",
      "integrity": "sha512-a10B/FkwmL6/Z7S3TwoqJv7Ss+VrVQK+jU23ka+IoeIEz3CyRcWb9rLtXd7nWYC1FzS+5wyhurTlHirCY+L7jw=="
    }
  },
  "dependencies": {
    "mfga": {
      "version": "2.1.2",
      "resolved": "https://registry.npmjs.org/mfga/-/mfga-2.1.2.tgz",
      "integrity": "sha512-a10B/FkwmL6/Z7S3TwoqJv7Ss+VrVQK+jU23ka+IoeIEz3CyRcWb9rLtXd7nWYC1FzS+5wyhurTlHirCY+L7jw=="
    }
  }
}
