{
  "name": "plain-html",
  "version": "1.0.0",
  "lockfileVersion": 2,
  "requires": true,
  "packages": {
    "": {
      "name": "plain-html",
      "version": "1.0.0",
      "license": "ISC",
      "dependencies": {
        "mfga": "^1.0.0"
      }
    },
    "node_modules/mfga": {
      "version": "1.0.0",
      "resolved": "https://registry.npmjs.org/mfga/-/mfga-1.0.0.tgz",
      "integrity": "sha512-pcncglXWeUPg5HLslzgOEdDABtYIL/i8vH6tlmaLk1/sRd1c1xp5znQl0B1iwaK9xdbDz8HkpiUor+x8lPQHZg=="
    }
  },
  "dependencies": {
    "mfga": {
      "version": "1.0.0",
      "resolved": "https://registry.npmjs.org/mfga/-/mfga-1.0.0.tgz",
      "integrity": "sha512-pcncglXWeUPg5HLslzgOEdDABtYIL/i8vH6tlmaLk1/sRd1c1xp5znQl0B1iwaK9xdbDz8HkpiUor+x8lPQHZg=="
    }
  }
}
