{
  "name": "plain-html",
  "version": "1.0.0",
  "lockfileVersion": 2,
  "requires": true,
  "packages": {
    "": {
      "name": "plain-html",
      "version": "1.0.0",
      "license": "ISC",
      "dependencies": {
        "mfga": "^1.1.1"
      }
    },
    "node_modules/mfga": {
      "version": "1.1.1",
      "resolved": "https://registry.npmjs.org/mfga/-/mfga-1.1.1.tgz",
      "integrity": "sha512-0kuPHdsv8Nc3pAT4DWdRXmxcjhAWidB0l+PMQ6pIdP/CKHfI7fGX84pJ/BpcQ/w/o4hVGuNF2BNxp+OwsQEQYg=="
    }
  },
  "dependencies": {
    "mfga": {
      "version": "1.1.1",
      "resolved": "https://registry.npmjs.org/mfga/-/mfga-1.1.1.tgz",
      "integrity": "sha512-0kuPHdsv8Nc3pAT4DWdRXmxcjhAWidB0l+PMQ6pIdP/CKHfI7fGX84pJ/BpcQ/w/o4hVGuNF2BNxp+OwsQEQYg=="
    }
  }
}
